
Microsoft Visual Studio Solution File, Format Version 12.00
# Visual Studio Version 16
VisualStudioVersion = 16.0.30011.22
MinimumVisualStudioVersion = 10.0.40219.1
Project("{FAE04EC0-301F-11D3-BF4B-00C04F79EFBC}") = "RandomShowEnglish", "RandomShowEnglish.csproj", "{1BB996C7-FCC4-4C71-853D-6759F95A32AB}"
EndProject
Global
	GlobalSection(SolutionConfigurationPlatforms) = preSolution
		Debug|Any CPU = Debug|Any CPU
		Release|Any CPU = Release|Any CPU
	EndGlobalSection
	GlobalSection(ProjectConfigurationPlatforms) = postSolution
		{1BB996C7-FCC4-4C71-853D-6759F95A32AB}.Debug|Any CPU.ActiveCfg = Debug|Any CPU
		{1BB996C7-FCC4-4C71-853D-6759F95A32AB}.Debug|Any CPU.Build.0 = Debug|Any CPU
		{1BB996C7-FCC4-4C71-853D-6759F95A32AB}.Release|Any CPU.ActiveCfg = Release|Any CPU
		{1BB996C7-FCC4-4C71-853D-6759F95A32AB}.Release|Any CPU.Build.0 = Release|Any CPU
	EndGlobalSection
	GlobalSection(SolutionProperties) = preSolution
		HideSolutionNode = FALSE
	EndGlobalSection
	GlobalSection(ExtensibilityGlobals) = postSolution
		SolutionGuid = {996CD066-0BE1-422C-9B5F-90236051157A}
	EndGlobalSection
EndGlobal
